
Microsoft Visual Studio Solution File, Format Version 12.00
# Visual Studio 15
VisualStudioVersion = 15.0.26730.16
MinimumVisualStudioVersion = 10.0.40219.1
Project("{9A19103F-16F7-4668-BE54-9A1E7A4F7556}") = "Nest", "Nest\Nest.csproj", "{CD443CE3-298F-4708-8712-C1FA56048811}"
EndProject
Project("{FAE04EC0-301F-11D3-BF4B-00C04F79EFBC}") = "NestTests", "NestTests\NestTests.csproj", "{F400BD83-D82B-44E5-B187-BBFED25F52DE}"
EndProject
Global
	GlobalSection(SolutionConfigurationPlatforms) = preSolution
		Debug|Any CPU = Debug|Any CPU
		Release|Any CPU = Release|Any CPU
	EndGlobalSection
	GlobalSection(ProjectConfigurationPlatforms) = postSolution
		{CD443CE3-298F-4708-8712-C1FA56048811}.Debug|Any CPU.ActiveCfg = Debug|Any CPU
		{CD443CE3-298F-4708-8712-C1FA56048811}.Debug|Any CPU.Build.0 = Debug|Any CPU
		{CD443CE3-298F-4708-8712-C1FA56048811}.Release|Any CPU.ActiveCfg = Release|Any CPU
		{CD443CE3-298F-4708-8712-C1FA56048811}.Release|Any CPU.Build.0 = Release|Any CPU
		{F400BD83-D82B-44E5-B187-BBFED25F52DE}.Debug|Any CPU.ActiveCfg = Debug|Any CPU
		{F400BD83-D82B-44E5-B187-BBFED25F52DE}.Debug|Any CPU.Build.0 = Debug|Any CPU
		{F400BD83-D82B-44E5-B187-BBFED25F52DE}.Release|Any CPU.ActiveCfg = Release|Any CPU
		{F400BD83-D82B-44E5-B187-BBFED25F52DE}.Release|Any CPU.Build.0 = Release|Any CPU
	EndGlobalSection
	GlobalSection(SolutionProperties) = preSolution
		HideSolutionNode = FALSE
	EndGlobalSection
	GlobalSection(ExtensibilityGlobals) = postSolution
		SolutionGuid = {BFA2B796-978C-41A1-B1EF-76AF2D5D8F46}
	EndGlobalSection
EndGlobal
